{
  "projects": [
    {
      "projectId": "enk3K4vZ6pmH6kVCoZJXGn",
      "version": "4.21.0",
      "dependencies": {},
      "lang": "ts",
      "fileLocks": [
        {
          "assetId": "enk3K4vZ6pmH6kVCoZJXGn",
          "type": "projectCss",
          "checksum": "46129a8140f7bf604dec903e19777f53"
        }
      ],
      "codegenVersion": "0.0.1"
    },
    {
      "projectId": "caTPwKxj5ZrD9LQ7DMdK4Z",
      "version": "3.34.0",
      "dependencies": {},
      "lang": "ts",
      "fileLocks": [
        {
          "assetId": "caTPwKxj5ZrD9LQ7DMdK4Z",
          "type": "projectCss",
          "checksum": "e1ec850476829c38b0f9b6d4f7ac446a"
        }
      ],
      "codegenVersion": "0.0.1"
    },
    {
      "projectId": "sqPBLwEBBKHA2WDuGb17eV",
      "version": "0.9.0",
      "dependencies": {},
      "lang": "ts",
      "fileLocks": [
        {
          "assetId": "sqPBLwEBBKHA2WDuGb17eV",
          "type": "projectCss",
          "checksum": "e1ec850476829c38b0f9b6d4f7ac446a"
        },
        {
          "type": "renderModule",
          "assetId": "5nirPCGmCnRD",
          "checksum": "af91f4d2aa2f74dcdcb2ea82fca236a0"
        },
        {
          "type": "cssRules",
          "assetId": "5nirPCGmCnRD",
          "checksum": "af91f4d2aa2f74dcdcb2ea82fca236a0"
        },
        {
          "type": "icon",
          "assetId": "Wyt3GMMsLefj",
          "checksum": "d8c88f04735c43b3f7790b0889d20e0c"
        },
        {
          "type": "icon",
          "assetId": "MbDRsJU0e3bw",
          "checksum": "92672aa6935120ebaac11939d8d127bb"
        }
      ],
      "codegenVersion": "0.0.1"
    },
    {
      "projectId": "GTgVzsUHzMuCMexkxJk8C",
      "version": "1.27.0",
      "dependencies": {},
      "lang": "ts",
      "fileLocks": [
        {
          "assetId": "GTgVzsUHzMuCMexkxJk8C",
          "type": "projectCss",
          "checksum": "512ff26de67a0d5e4509540dfa8f5a2e"
        },
        {
          "assetId": "GTgVzsUHzMuCMexkxJk8C",
          "checksum": "9f88313ec3cbd39872b362e1374adab1",
          "type": "globalContexts"
        }
      ],
      "codegenVersion": "0.0.1"
    },
    {
      "projectId": "r3ASNrnyvLLLAtDvzUioQ",
      "version": "4.3.0",
      "dependencies": {},
      "lang": "ts",
      "fileLocks": [
        {
          "assetId": "r3ASNrnyvLLLAtDvzUioQ",
          "type": "projectCss",
          "checksum": "e1ec850476829c38b0f9b6d4f7ac446a"
        }
      ],
      "codegenVersion": "0.0.1"
    },
    {
      "projectId": "9Vr5YWkf3w7jj6SsTcCEta",
      "version": "0.8.0",
      "dependencies": {},
      "lang": "ts",
      "fileLocks": [
        {
          "assetId": "9Vr5YWkf3w7jj6SsTcCEta",
          "type": "projectCss",
          "checksum": "e1ec850476829c38b0f9b6d4f7ac446a"
        }
      ],
      "codegenVersion": "0.0.1"
    },
    {
      "projectId": "jkU633o1Cz7HrJdwdxhVHk",
      "version": "16.7.0",
      "dependencies": {},
      "lang": "ts",
      "fileLocks": [
        {
          "assetId": "jkU633o1Cz7HrJdwdxhVHk",
          "type": "projectCss",
          "checksum": "0581d4378bb1604bb5fe3f65bb0a37de"
        }
      ],
      "codegenVersion": "0.0.1"
    },
    {
      "projectId": "ohDidvG9XsCeFumugENU3J",
      "version": "6.20.0",
      "dependencies": {},
      "lang": "ts",
      "fileLocks": [
        {
          "assetId": "ohDidvG9XsCeFumugENU3J",
          "type": "projectCss",
          "checksum": "fd83b730367fdbde2c69bc6cf31c2a3c"
        },
        {
          "assetId": "ohDidvG9XsCeFumugENU3J",
          "checksum": "de0a0e65174a6a185a8f822af51c6bdd",
          "type": "globalContexts"
        }
      ],
      "codegenVersion": "0.0.1"
    },
    {
      "projectId": "x1BtAZcYDoHQadMwGq1GLr",
      "version": "latest",
      "dependencies": {
        "ohDidvG9XsCeFumugENU3J": "6.20.0",
        "jkU633o1Cz7HrJdwdxhVHk": "16.7.0",
        "9Vr5YWkf3w7jj6SsTcCEta": "0.8.0",
        "r3ASNrnyvLLLAtDvzUioQ": "4.3.0",
        "GTgVzsUHzMuCMexkxJk8C": "1.27.0",
        "sqPBLwEBBKHA2WDuGb17eV": "0.9.0",
        "caTPwKxj5ZrD9LQ7DMdK4Z": "3.34.0",
        "enk3K4vZ6pmH6kVCoZJXGn": "4.21.0"
      },
      "lang": "ts",
      "fileLocks": [
        {
          "type": "globalVariant",
          "assetId": "xIrZDHvFaFjh",
          "checksum": "0d81c090094fa0fdb820b4d4f26070e0"
        },
        {
          "assetId": "x1BtAZcYDoHQadMwGq1GLr",
          "checksum": "dbd25681b2ec464f2e3c787f8c17bcb2",
          "type": "globalContexts"
        },
        {
          "type": "renderModule",
          "assetId": "XbaxGqVgizg2",
          "checksum": "8f961749abc47202555003386a661e31"
        },
        {
          "type": "cssRules",
          "assetId": "XbaxGqVgizg2",
          "checksum": "8f961749abc47202555003386a661e31"
        },
        {
          "type": "renderModule",
          "assetId": "aFU8osBh9vPy",
          "checksum": "2271043cd4e65976e9875a3f48d0fdf4"
        },
        {
          "type": "cssRules",
          "assetId": "aFU8osBh9vPy",
          "checksum": "2271043cd4e65976e9875a3f48d0fdf4"
        },
        {
          "type": "renderModule",
          "assetId": "F27DgGdVuq-P",
          "checksum": "7fdb04008f6fab0e8ee49406d21c5b4f"
        },
        {
          "type": "cssRules",
          "assetId": "F27DgGdVuq-P",
          "checksum": "7fdb04008f6fab0e8ee49406d21c5b4f"
        },
        {
          "type": "renderModule",
          "assetId": "93IC9rDC7CKL",
          "checksum": "38695704d5569351243d629dde00669c"
        },
        {
          "type": "cssRules",
          "assetId": "93IC9rDC7CKL",
          "checksum": "38695704d5569351243d629dde00669c"
        },
        {
          "type": "renderModule",
          "assetId": "9xivxL9ZpqQa",
          "checksum": "921ec0c3ff2455cbe91d80078bb03fb4"
        },
        {
          "type": "cssRules",
          "assetId": "9xivxL9ZpqQa",
          "checksum": "921ec0c3ff2455cbe91d80078bb03fb4"
        },
        {
          "type": "renderModule",
          "assetId": "D7qJMaOYRZ5K",
          "checksum": "0add8eff29387ca561a72428353bd8d5"
        },
        {
          "type": "cssRules",
          "assetId": "D7qJMaOYRZ5K",
          "checksum": "0add8eff29387ca561a72428353bd8d5"
        },
        {
          "type": "renderModule",
          "assetId": "_X-IBH52BLjl",
          "checksum": "6025e303703ba3e72144724619e5a38b"
        },
        {
          "type": "cssRules",
          "assetId": "_X-IBH52BLjl",
          "checksum": "6025e303703ba3e72144724619e5a38b"
        },
        {
          "type": "renderModule",
          "assetId": "lpLjDJwsHcxv",
          "checksum": "6197bbc569307350d518761003b238b5"
        },
        {
          "type": "cssRules",
          "assetId": "lpLjDJwsHcxv",
          "checksum": "6197bbc569307350d518761003b238b5"
        },
        {
          "type": "renderModule",
          "assetId": "ZHlEhd4G-ETv",
          "checksum": "44ff25f0a02ccf1324eadead8471ebe0"
        },
        {
          "type": "cssRules",
          "assetId": "ZHlEhd4G-ETv",
          "checksum": "44ff25f0a02ccf1324eadead8471ebe0"
        },
        {
          "type": "renderModule",
          "assetId": "IMkn2TNEcgkk",
          "checksum": "545f836e55d93d10a30ef57de892502b"
        },
        {
          "type": "cssRules",
          "assetId": "IMkn2TNEcgkk",
          "checksum": "545f836e55d93d10a30ef57de892502b"
        },
        {
          "type": "renderModule",
          "assetId": "ydKScTu6CZdv",
          "checksum": "b2d7b76865397747ec6f8f715f63443c"
        },
        {
          "type": "cssRules",
          "assetId": "ydKScTu6CZdv",
          "checksum": "b2d7b76865397747ec6f8f715f63443c"
        },
        {
          "type": "renderModule",
          "assetId": "LbbBZUR8ryft",
          "checksum": "ca1218ef6e946e94f7ea811ebef53c0e"
        },
        {
          "type": "cssRules",
          "assetId": "LbbBZUR8ryft",
          "checksum": "ca1218ef6e946e94f7ea811ebef53c0e"
        },
        {
          "type": "renderModule",
          "assetId": "Smd1VB5lX-Cx",
          "checksum": "824fc496bed649c0d6261f5d852fff65"
        },
        {
          "type": "cssRules",
          "assetId": "Smd1VB5lX-Cx",
          "checksum": "824fc496bed649c0d6261f5d852fff65"
        },
        {
          "type": "renderModule",
          "assetId": "Ytwgl3TqcAVu",
          "checksum": "e30f9e50fdaa3570c5088e92ae49e08a"
        },
        {
          "type": "cssRules",
          "assetId": "Ytwgl3TqcAVu",
          "checksum": "e30f9e50fdaa3570c5088e92ae49e08a"
        },
        {
          "type": "renderModule",
          "assetId": "Y3yqKabe7t4u",
          "checksum": "48f50e145f52a2e9e0065978c558fca4"
        },
        {
          "type": "cssRules",
          "assetId": "Y3yqKabe7t4u",
          "checksum": "48f50e145f52a2e9e0065978c558fca4"
        },
        {
          "type": "renderModule",
          "assetId": "6OHSDvpCta7y",
          "checksum": "e1338a4eb1a572a896b3e5ed2c7126f6"
        },
        {
          "type": "cssRules",
          "assetId": "6OHSDvpCta7y",
          "checksum": "e1338a4eb1a572a896b3e5ed2c7126f6"
        },
        {
          "type": "renderModule",
          "assetId": "4IQmciLZjLat",
          "checksum": "a27e938415e814666df7d0d544d4e040"
        },
        {
          "type": "cssRules",
          "assetId": "4IQmciLZjLat",
          "checksum": "a27e938415e814666df7d0d544d4e040"
        },
        {
          "type": "renderModule",
          "assetId": "tGmi9MLpd58b",
          "checksum": "b5c368a2d5dbb66fd31e831bd8dd7d82"
        },
        {
          "type": "cssRules",
          "assetId": "tGmi9MLpd58b",
          "checksum": "b5c368a2d5dbb66fd31e831bd8dd7d82"
        },
        {
          "type": "renderModule",
          "assetId": "8oVLHpnANCIc",
          "checksum": "fdb0356bb009944e7ff1b67a9a9d3317"
        },
        {
          "type": "cssRules",
          "assetId": "8oVLHpnANCIc",
          "checksum": "fdb0356bb009944e7ff1b67a9a9d3317"
        },
        {
          "type": "renderModule",
          "assetId": "rKCP9GG2UqSk",
          "checksum": "715d2f2a9d43dbe7b99b07ce652b0287"
        },
        {
          "type": "cssRules",
          "assetId": "rKCP9GG2UqSk",
          "checksum": "715d2f2a9d43dbe7b99b07ce652b0287"
        },
        {
          "type": "renderModule",
          "assetId": "eDJ02ws47EHa",
          "checksum": "0f601ae04cb98bac7b42c53d5141dc53"
        },
        {
          "type": "cssRules",
          "assetId": "eDJ02ws47EHa",
          "checksum": "0f601ae04cb98bac7b42c53d5141dc53"
        },
        {
          "type": "renderModule",
          "assetId": "5AhTJka5kXTV",
          "checksum": "66f15d14ed02667b63901dc9bf13846d"
        },
        {
          "type": "cssRules",
          "assetId": "5AhTJka5kXTV",
          "checksum": "66f15d14ed02667b63901dc9bf13846d"
        },
        {
          "type": "renderModule",
          "assetId": "MInrjXf-9syk",
          "checksum": "e18b8017f93819d78b3f318f2b2810ff"
        },
        {
          "type": "cssRules",
          "assetId": "MInrjXf-9syk",
          "checksum": "e18b8017f93819d78b3f318f2b2810ff"
        },
        {
          "type": "renderModule",
          "assetId": "SCyrEA5gz5Or",
          "checksum": "f15052d7023013d752a47a8c9b07cc4e"
        },
        {
          "type": "cssRules",
          "assetId": "SCyrEA5gz5Or",
          "checksum": "f15052d7023013d752a47a8c9b07cc4e"
        },
        {
          "type": "renderModule",
          "assetId": "noYhTenpbxJe",
          "checksum": "0b57a973b190a0d870fec3149f389656"
        },
        {
          "type": "cssRules",
          "assetId": "noYhTenpbxJe",
          "checksum": "0b57a973b190a0d870fec3149f389656"
        },
        {
          "type": "renderModule",
          "assetId": "25E-dB-XJ1sI",
          "checksum": "41881153d68cd0523627f8f1a54a8bc7"
        },
        {
          "type": "cssRules",
          "assetId": "25E-dB-XJ1sI",
          "checksum": "41881153d68cd0523627f8f1a54a8bc7"
        },
        {
          "type": "renderModule",
          "assetId": "-XItydZicJEP",
          "checksum": "7bf5ed44d6d1f6fa7a9f27298f9beac4"
        },
        {
          "type": "cssRules",
          "assetId": "-XItydZicJEP",
          "checksum": "7bf5ed44d6d1f6fa7a9f27298f9beac4"
        },
        {
          "type": "renderModule",
          "assetId": "F0M-h0ju2mCc",
          "checksum": "4df8a08fb25fc1da01060488f1781fbf"
        },
        {
          "type": "cssRules",
          "assetId": "F0M-h0ju2mCc",
          "checksum": "4df8a08fb25fc1da01060488f1781fbf"
        },
        {
          "type": "icon",
          "assetId": "jegmUgdGqZcw",
          "checksum": "b04dec0fca5f05cb95f80d70f32533f2"
        },
        {
          "type": "icon",
          "assetId": "yWCiYbXWPcfs",
          "checksum": "522b40242cabbe692a1cb3f5555cecd8"
        },
        {
          "type": "icon",
          "assetId": "OdLK9AjY-uF-",
          "checksum": "877f24955d62fb392707a7963fc663a4"
        },
        {
          "type": "icon",
          "assetId": "XzMVHYH7juDT",
          "checksum": "428e4de821f06aae7ef07204c4eeab24"
        },
        {
          "type": "image",
          "assetId": "uRLioVWGfV-4",
          "checksum": "62f056a6260e2a14ac913b7aca438ab7"
        },
        {
          "type": "image",
          "assetId": "WND8IfxovFq4",
          "checksum": "3f03c6b74f1be6f7b5226bdfeeeee115"
        },
        {
          "type": "image",
          "assetId": "C63lDqme56Qk",
          "checksum": "2bbab57586c1cf8d78518196040887fc"
        },
        {
          "type": "image",
          "assetId": "0C3AgyzvGBfn",
          "checksum": "92073ce5ec820f5194c586655b0b15b5"
        },
        {
          "type": "image",
          "assetId": "GDQH1WBjWDqK",
          "checksum": "0a69ac5c2952438010b10a941763b48f"
        },
        {
          "type": "image",
          "assetId": "AYyk8irA__sE",
          "checksum": "14346025cff0522c404fef9d320f5097"
        },
        {
          "type": "image",
          "assetId": "zQvsx7HtdGQm",
          "checksum": "df0f59d4a11909dd5f488a6d7527b72c"
        },
        {
          "type": "image",
          "assetId": "480v2YdcRbNm",
          "checksum": "fde60f054a36d045cc5a5d4d650abaa4"
        },
        {
          "type": "image",
          "assetId": "pt3tM4quvgQu",
          "checksum": "abf2ac23f23ca30a6a9b3da0dc4ffa23"
        },
        {
          "type": "image",
          "assetId": "Cci1ECHy9c6R",
          "checksum": "f40fa2d25b436a9297d48e08a5376715"
        },
        {
          "type": "image",
          "assetId": "hD7QYzLAMIRc",
          "checksum": "afd987f9c0220c445a770f05aa7ee36d"
        },
        {
          "type": "image",
          "assetId": "PVtOVOs7YvGL",
          "checksum": "8f2094bef6f68a5fa11bcd82d50880b0"
        },
        {
          "type": "image",
          "assetId": "JD1gQnOs_Ggw",
          "checksum": "b0c26cac06e71d7d23ec399aad5b78d9"
        },
        {
          "type": "image",
          "assetId": "tgr5KDf_u3SC",
          "checksum": "e180da9621f5ff7cad0f368553bc3f74"
        },
        {
          "type": "image",
          "assetId": "eUAKOQ0yCAv8",
          "checksum": "a946afe71dabe38d76809786f76cee65"
        },
        {
          "type": "image",
          "assetId": "6efjc3Vyv6oH",
          "checksum": "58d540b675a78ad32435eeaf0392f9de"
        },
        {
          "type": "image",
          "assetId": "Rj7upg8KLq_E",
          "checksum": "569013625921a0c388239affa570fb3a"
        },
        {
          "type": "image",
          "assetId": "nPOtC91dTmWi",
          "checksum": "4c06101e4c36cfd5c0df770a11df7ded"
        },
        {
          "type": "image",
          "assetId": "xHT-eaHBirKD",
          "checksum": "c2f57ec985b8b9a293f35d9e9e030483"
        },
        {
          "type": "image",
          "assetId": "Kvn8zWavMwrp",
          "checksum": "3220646d32a99d8b1b48556f02d10ba2"
        },
        {
          "type": "image",
          "assetId": "qjv_p0CnVDEi",
          "checksum": "31d8e003df8d122d67a35abdfba13144"
        },
        {
          "type": "image",
          "assetId": "H07H0yViQolg",
          "checksum": "7880eb10d76d4f82bc6bbc1ad3feac9f"
        },
        {
          "type": "image",
          "assetId": "GQBwBdlKwYzI",
          "checksum": "dba45429e8ee85d3a1c3b7e863b09fa2"
        },
        {
          "type": "image",
          "assetId": "gLMeVQddIJU7",
          "checksum": "c56b693e0f5074802b6ab91c4060aa4a"
        },
        {
          "type": "image",
          "assetId": "gadVnXW45eTx",
          "checksum": "d677c4cd2e49c66d7d5724388104aa04"
        },
        {
          "type": "image",
          "assetId": "86EukW-9Zdmv",
          "checksum": "13bd612553b124944fc9146ba4b3474e"
        },
        {
          "type": "image",
          "assetId": "4XBaJuxtPimz",
          "checksum": "e3ed29de94aa9ac9151c15b8f927d196"
        },
        {
          "type": "image",
          "assetId": "Fg7KrifVuNjh",
          "checksum": "993efa1e6dea985578cda3e081c90ded"
        },
        {
          "type": "image",
          "assetId": "9ziwp6jgpcBG",
          "checksum": "90221998ae97968086d9ce7d29856428"
        },
        {
          "type": "image",
          "assetId": "PhPYQ9NaVfFU",
          "checksum": "422eeb579113ab9d44a20e434ca5d962"
        },
        {
          "type": "image",
          "assetId": "kbeqswcPEqlF",
          "checksum": "96a46ee0465f26d1afbea842a1cb7f3a"
        },
        {
          "type": "image",
          "assetId": "ArjNTWYLfeLl",
          "checksum": "ad5590e0cb76824cb85d30a0527f533c"
        },
        {
          "type": "image",
          "assetId": "TOB5VuoEScJ5",
          "checksum": "5535b7c739a7d4b0fe35b6be1d5e7370"
        },
        {
          "type": "image",
          "assetId": "Qh-NcMX0PIbe",
          "checksum": "a864ce99fb753245e1161a7db6be3df7"
        },
        {
          "type": "image",
          "assetId": "8PYqnashoNg6",
          "checksum": "7bff32db391fed1d19db8bb71a023e9e"
        },
        {
          "type": "image",
          "assetId": "5CHhpyUeBnKB",
          "checksum": "ebd437274219a33c28cddcf1708c728a"
        },
        {
          "type": "image",
          "assetId": "7JEVZdZy7P52",
          "checksum": "433a3d3d62d4d3e1c6e26a220d9240dd"
        },
        {
          "type": "image",
          "assetId": "-sGgCH-N7BBB",
          "checksum": "d070f92ceef83731e60b4d5de5c121cf"
        },
        {
          "type": "image",
          "assetId": "yq5RBAiDuRHs",
          "checksum": "e9babccd0bc2b2d62afaf5a8ef842742"
        },
        {
          "type": "image",
          "assetId": "RNYJx0lbVSNR",
          "checksum": "6fad076525850322cefd5b3b1c83a9b3"
        },
        {
          "type": "image",
          "assetId": "-E6a9wkmJw8N",
          "checksum": "c84860899e7caec3fb05a740c0ffdd61"
        },
        {
          "type": "image",
          "assetId": "YAV9_Y_FgTnj",
          "checksum": "f5bd1c28c3a34fda829aad0a1d1a831e"
        },
        {
          "type": "image",
          "assetId": "IrESxXC6IhNh",
          "checksum": "6b6bf8774f8caa91bb59d7eefddec966"
        },
        {
          "type": "image",
          "assetId": "eGMWNvSqxobI",
          "checksum": "ba75d49264d19574e04602f6858debaf"
        },
        {
          "type": "image",
          "assetId": "R7iS9yKXINp9",
          "checksum": "75e7eec90fb22a0214035ad750221610"
        },
        {
          "type": "image",
          "assetId": "14kxkrURQYBu",
          "checksum": "090941be9bd2f31285e99b8595ec3ffa"
        },
        {
          "type": "image",
          "assetId": "H2uiadu0_eSv",
          "checksum": "acfb79f4d1179b431816c6e260b3f913"
        },
        {
          "type": "image",
          "assetId": "D-L_yoAI94o_",
          "checksum": "1592fbd881104cabb357a3d1b7c02500"
        },
        {
          "type": "image",
          "assetId": "gdxSE0c5wjJ0",
          "checksum": "2e4e1454045c1c196b7ae418474c9cfa"
        },
        {
          "type": "image",
          "assetId": "TxXyT5k77Cf5",
          "checksum": "fdfaa96542915d9580448e06c6dff67e"
        },
        {
          "type": "image",
          "assetId": "48TtmVmG5ee2",
          "checksum": "2a16dea95b56d54b18feb5c9486c3e97"
        },
        {
          "type": "image",
          "assetId": "yUxOUm0XhARC",
          "checksum": "abebf885f111a6d0a68a68351a0b322b"
        },
        {
          "type": "image",
          "assetId": "IfHuMrA85M9T",
          "checksum": "7318e3e37ac5a6ed09ea44fb933741eb"
        },
        {
          "type": "image",
          "assetId": "faSnWPuIXlG3",
          "checksum": "6dfcebd286c3b4588adfdd217915f6c9"
        },
        {
          "type": "image",
          "assetId": "y0d3yTWT-FVz",
          "checksum": "2026bcd2e08b96f5af814a7d73b8ddaa"
        },
        {
          "type": "image",
          "assetId": "ZV9M58II4pGw",
          "checksum": "0547a003acacf3c8bb23dc6350213ca8"
        },
        {
          "type": "image",
          "assetId": "jIDlD5szdRwI",
          "checksum": "182070ffa0d8da1c9246d96d830230c5"
        },
        {
          "type": "image",
          "assetId": "WozwmKLtgk98",
          "checksum": "1a2eb276d167661c730a504f51c0aa35"
        },
        {
          "type": "image",
          "assetId": "CvA91zLS6c1y",
          "checksum": "1317b281d6d7c699d6ae921aa2fd50e7"
        },
        {
          "type": "image",
          "assetId": "Kn4Rmib-V6tG",
          "checksum": "ed1be5236f4efd7fc7bf54273bc8abd2"
        },
        {
          "type": "image",
          "assetId": "5qinueOlH56C",
          "checksum": "9527c721e3fb60e9505f2f80437c645c"
        },
        {
          "type": "image",
          "assetId": "_ymB54SLag36",
          "checksum": "78868b5c65d9dfa05d5f101cc9b6900a"
        },
        {
          "type": "image",
          "assetId": "TukqsyizEmsr",
          "checksum": "d520e795acff986d352be6eea70b9a56"
        },
        {
          "type": "image",
          "assetId": "3Kd-_myvEhfP",
          "checksum": "677214029eec8feed57148fa2db64320"
        },
        {
          "type": "image",
          "assetId": "0UArIcYC4-Jk",
          "checksum": "63e5a3106226bb476fce926584a4abb5"
        },
        {
          "type": "image",
          "assetId": "dKA9Vv_adzYV",
          "checksum": "3782da939c4f3f93305de27e8f00556f"
        },
        {
          "type": "image",
          "assetId": "1MyMvmJYqegl",
          "checksum": "dd0e2adb9c7211b9d6d58386b224b00f"
        },
        {
          "type": "image",
          "assetId": "L7l7r4PVijb6",
          "checksum": "5ea03fa0db71a43c0f5bf96cd98d5b91"
        },
        {
          "type": "image",
          "assetId": "6sw8kymsBEyu",
          "checksum": "106ac97f7b4130a810312191d456a663"
        },
        {
          "type": "image",
          "assetId": "5_F71pn7qQNa",
          "checksum": "df5d6bfe787b7e30034bb8975cfe626e"
        },
        {
          "type": "image",
          "assetId": "g5KlkF8jXHPa",
          "checksum": "ed082fb404ca8cd4ac7c1c4da14626c7"
        },
        {
          "type": "image",
          "assetId": "SyM1rS4ai75o",
          "checksum": "f7e104842dd3222dcd68675f65a9e3dd"
        },
        {
          "type": "image",
          "assetId": "wvcuca_beV0G",
          "checksum": "36f2dc726056869b75e26669452bee68"
        },
        {
          "type": "image",
          "assetId": "q8FoYVe5tysg",
          "checksum": "73e054dcd80be7968cea618ccdb588e0"
        },
        {
          "type": "image",
          "assetId": "YJ0MvQm1SsY0",
          "checksum": "4b2dff21ae95c927ffeae423a6f58c20"
        },
        {
          "type": "image",
          "assetId": "GGfqEMAjx9Pj",
          "checksum": "4a8bdd06fbc3548b9c571ee8773b506b"
        },
        {
          "type": "image",
          "assetId": "XPr2cJFoVd2P",
          "checksum": "0ee5186ae9c946e8bbc8b52f04ba2a0f"
        },
        {
          "type": "image",
          "assetId": "DwNt0gg2OQnB",
          "checksum": "950a743fe15e23795a1b02e9f1d5b6f4"
        },
        {
          "type": "image",
          "assetId": "snoKjTyu1yIA",
          "checksum": "56fbfaa165f7b0a0dd6bfd1f2b5dbcac"
        },
        {
          "type": "image",
          "assetId": "qDYFy83SGYv9",
          "checksum": "aa7216574b3c8c1a4a6b291467615a96"
        },
        {
          "type": "image",
          "assetId": "lFXU4nSPO1am",
          "checksum": "f7fa399b5c6c3ab15d7fe9688c050321"
        },
        {
          "type": "image",
          "assetId": "pyXn_wx2ntPa",
          "checksum": "b1958b31c2fabe474a1733047a79a7ec"
        },
        {
          "type": "image",
          "assetId": "Xqhb-rlvQ97X",
          "checksum": "31c7926c80aed10cbf7d7d17214a9c90"
        },
        {
          "type": "image",
          "assetId": "-yZvPcPSjhQA",
          "checksum": "fe9a4415447b888101137693de73a941"
        },
        {
          "type": "image",
          "assetId": "ImJ0pof9EBYx",
          "checksum": "9b8d5570cb36f9e5f603dca7bbc20421"
        },
        {
          "type": "image",
          "assetId": "7ckyua7HG8K1",
          "checksum": "8b338bc30cfc63233465ba0599321132"
        },
        {
          "type": "image",
          "assetId": "ysYLWAwqJIXy",
          "checksum": "92f0e617a7f53414e43d4589a183ba59"
        },
        {
          "type": "image",
          "assetId": "TcB8Hl5ovwyY",
          "checksum": "3035b7349acb184e18a7c100e1ce2ef7"
        },
        {
          "type": "image",
          "assetId": "Z9HFg7vpFXdA",
          "checksum": "c1611c98190584050d9fd8af1f7c9e2a"
        },
        {
          "type": "image",
          "assetId": "ljWqz2v21D5d",
          "checksum": "d04ca87fa384743b4e976c9af2349ab4"
        },
        {
          "type": "image",
          "assetId": "X9ed6oxTTeVk",
          "checksum": "5ff099a4efdc9fdcc3c4fffcd1633461"
        },
        {
          "type": "image",
          "assetId": "OQa5QVJY_tIM",
          "checksum": "923f6b9c883b0ce5e852ac1ab660d12c"
        },
        {
          "type": "image",
          "assetId": "eUuVZuZ9e_Lf",
          "checksum": "f64dedb0dcf69a0f0b6bab4c2120c1dc"
        },
        {
          "type": "image",
          "assetId": "z6hdy16K0bz7",
          "checksum": "51e70e9eeda8e40689f7d80a0c68783c"
        },
        {
          "type": "image",
          "assetId": "h2y9Aw2XI7MO",
          "checksum": "df6550a898530f95c6ee48848f799e49"
        },
        {
          "type": "image",
          "assetId": "msoNnGuMKoMc",
          "checksum": "3a42e3693a70c7728351fd6c3b6c37d5"
        },
        {
          "type": "image",
          "assetId": "Bsxni9HO7ftY",
          "checksum": "793b12c4c7ca665166f5f6f57f1a2611"
        },
        {
          "type": "image",
          "assetId": "0sKLAqtVYC_T",
          "checksum": "5f31af3d787f86375e5839c656898db1"
        },
        {
          "type": "image",
          "assetId": "4AjtfQpwR9U7",
          "checksum": "bde2ce8fb6ce48ac02ac1e7a9926eb4f"
        },
        {
          "type": "image",
          "assetId": "2swUKXNBtkqs",
          "checksum": "0c35c331777401a0b39d8d95294becf0"
        },
        {
          "type": "image",
          "assetId": "zSqMdrRRubTR",
          "checksum": "5b569539a273e39385bb6b63b066e8ee"
        },
        {
          "type": "image",
          "assetId": "gmuifG8AuZRR",
          "checksum": "2afbee5d48d9ca40d553657677fad8f9"
        },
        {
          "type": "image",
          "assetId": "dHneLH5Wlzy0",
          "checksum": "d4f92a3bedf1f15772d7532bc91165bf"
        },
        {
          "type": "image",
          "assetId": "s0FOHX-KvbX2",
          "checksum": "f25541fe6e22ae85068fa6bdf70a6e5d"
        },
        {
          "type": "image",
          "assetId": "rLlXWn69vJFD",
          "checksum": "274bb9d9813cd3ff147d5af81a3bc1ed"
        },
        {
          "type": "image",
          "assetId": "mnpLXWyM5Hiz",
          "checksum": "d65c20028fcb56036bc653020ad2f86d"
        },
        {
          "type": "image",
          "assetId": "1cP8NiWz7HrP",
          "checksum": "a5dc3937fcbe7ac584e724e7ac08af2d"
        },
        {
          "type": "image",
          "assetId": "a4U0Eb4Q6sgf",
          "checksum": "3cdb28e50a7efe31fd34bcb495472975"
        },
        {
          "type": "image",
          "assetId": "I3BZJ_J_s9bI",
          "checksum": "cc363d674f90c4ef314d87da696430f8"
        },
        {
          "type": "image",
          "assetId": "8PupLq8BHkKb",
          "checksum": "2560f4aaa9612b3f88d04c804b1bb19e"
        },
        {
          "type": "image",
          "assetId": "CclW6vOlPT1m",
          "checksum": "759b022a00ae7375b133ff5db18b7233"
        },
        {
          "type": "image",
          "assetId": "Awrn766asgXs",
          "checksum": "517396420963e5608f7648951c64f6b9"
        },
        {
          "type": "image",
          "assetId": "G-q0OuubkIS9",
          "checksum": "4452f628a879f1fb702c37cdb0f8cde2"
        },
        {
          "type": "image",
          "assetId": "OFbalFjpj-wN",
          "checksum": "5659563e4e80ae8bb940124544e2e75a"
        },
        {
          "type": "image",
          "assetId": "67R5O2iFftLy",
          "checksum": "b31cb9deb6bdecf7b28342cf8e2fa675"
        },
        {
          "type": "image",
          "assetId": "cfugFiwsgUwc",
          "checksum": "5d661598ac049d7bd252bcb7aa77e707"
        },
        {
          "type": "image",
          "assetId": "bqq5aquR41dO",
          "checksum": "bf4504cebf7bd046bf963c09e0b79bdb"
        },
        {
          "type": "image",
          "assetId": "N9NB1EIVPb1J",
          "checksum": "f626a0f30a2f0cb1f43393945b0e6703"
        },
        {
          "type": "image",
          "assetId": "7xbtZ950rP_b",
          "checksum": "4f21fd1d3c53d009e6c4b53a85715978"
        },
        {
          "type": "image",
          "assetId": "_064T5bHoQFv",
          "checksum": "d94fd56fc9e5c623875e0dba4676e20d"
        },
        {
          "type": "image",
          "assetId": "HoXdh9fx3yE4",
          "checksum": "6e79f5086a59469ed0e92f33c53b493d"
        },
        {
          "type": "image",
          "assetId": "Pyu9-c4RRAl0",
          "checksum": "04c122d025a669adf2fb6bc80f17569c"
        },
        {
          "assetId": "x1BtAZcYDoHQadMwGq1GLr",
          "type": "projectCss",
          "checksum": "f8deedc516438a63ee5476fc13e257d7"
        }
      ],
      "codegenVersion": "0.0.1"
    }
  ],
  "cliVersion": "0.1.327"
}
